{
  "version": 4,
  "terraform_version": "0.12.17",
  "serial": 32,
  "lineage": "df7885a1-fda6-f570-133c-f7cda71bdf0d",
  "outputs": {
    "cluster_name": {
      "value": "docker-desktop",
      "type": "string"
    },
    "infra_repo": {
      "value": "git@github.com:0rg4n1z4t10n/docker-desktop-INFRA.git",
      "type": "string"
    },
    "state_potato_repo": {
      "value": "git@github.com:0rg4n1z4t10n/docker-desktop-STATE-potato.git",
      "type": "string"
    },
    "state_repo": {
      "value": "git@github.com:0rg4n1z4t10n/docker-desktop-STATE-argocd.git",
      "type": "string"
    }
  },
  "resources": [
    {
      "mode": "managed",
      "type": "github_repository",
      "name": "cluster_infra",
      "provider": "provider.github",
      "instances": [
        {
          "schema_version": 0,
          "attributes": {
            "allow_merge_commit": true,
            "allow_rebase_merge": true,
            "allow_squash_merge": true,
            "archived": false,
            "auto_init": null,
            "default_branch": "master",
            "description": "",
            "etag": "W/\"17cea8f5fd6a31b578f540a5aa99ab3d\"",
            "full_name": "0rg4n1z4t10n/docker-desktop-INFRA",
            "git_clone_url": "git://github.com/0rg4n1z4t10n/docker-desktop-INFRA.git",
            "gitignore_template": null,
            "has_downloads": false,
            "has_issues": false,
            "has_projects": false,
            "has_wiki": false,
            "homepage_url": "",
            "html_url": "https://github.com/0rg4n1z4t10n/docker-desktop-INFRA",
            "http_clone_url": "https://github.com/0rg4n1z4t10n/docker-desktop-INFRA.git",
            "id": "docker-desktop-INFRA",
            "license_template": null,
            "name": "docker-desktop-INFRA",
            "private": false,
            "ssh_clone_url": "git@github.com:0rg4n1z4t10n/docker-desktop-INFRA.git",
            "svn_url": "https://github.com/0rg4n1z4t10n/docker-desktop-INFRA",
            "topics": []
          },
          "private": "bnVsbA=="
        }
      ]
    },
    {
      "mode": "managed",
      "type": "github_repository",
      "name": "cluster_state_argocd",
      "provider": "provider.github",
      "instances": [
        {
          "schema_version": 0,
          "attributes": {
            "allow_merge_commit": true,
            "allow_rebase_merge": true,
            "allow_squash_merge": true,
            "archived": false,
            "auto_init": null,
            "default_branch": "master",
            "description": "",
            "etag": "W/\"bed1440ec1ff63e75a21128ec2ebf10e\"",
            "full_name": "0rg4n1z4t10n/docker-desktop-STATE-argocd",
            "git_clone_url": "git://github.com/0rg4n1z4t10n/docker-desktop-STATE-argocd.git",
            "gitignore_template": null,
            "has_downloads": false,
            "has_issues": false,
            "has_projects": false,
            "has_wiki": false,
            "homepage_url": "",
            "html_url": "https://github.com/0rg4n1z4t10n/docker-desktop-STATE-argocd",
            "http_clone_url": "https://github.com/0rg4n1z4t10n/docker-desktop-STATE-argocd.git",
            "id": "docker-desktop-STATE-argocd",
            "license_template": null,
            "name": "docker-desktop-STATE-argocd",
            "private": false,
            "ssh_clone_url": "git@github.com:0rg4n1z4t10n/docker-desktop-STATE-argocd.git",
            "svn_url": "https://github.com/0rg4n1z4t10n/docker-desktop-STATE-argocd",
            "topics": []
          },
          "private": "bnVsbA=="
        }
      ]
    },
    {
      "mode": "managed",
      "type": "github_repository",
      "name": "cluster_state_potato",
      "provider": "provider.github",
      "instances": [
        {
          "schema_version": 0,
          "attributes": {
            "allow_merge_commit": true,
            "allow_rebase_merge": true,
            "allow_squash_merge": true,
            "archived": false,
            "auto_init": null,
            "default_branch": "master",
            "description": "",
            "etag": "W/\"b2d761e9fc5502a2987d4f17baa29e0c\"",
            "full_name": "0rg4n1z4t10n/docker-desktop-STATE-potato",
            "git_clone_url": "git://github.com/0rg4n1z4t10n/docker-desktop-STATE-potato.git",
            "gitignore_template": null,
            "has_downloads": false,
            "has_issues": false,
            "has_projects": false,
            "has_wiki": false,
            "homepage_url": "",
            "html_url": "https://github.com/0rg4n1z4t10n/docker-desktop-STATE-potato",
            "http_clone_url": "https://github.com/0rg4n1z4t10n/docker-desktop-STATE-potato.git",
            "id": "docker-desktop-STATE-potato",
            "license_template": null,
            "name": "docker-desktop-STATE-potato",
            "private": false,
            "ssh_clone_url": "git@github.com:0rg4n1z4t10n/docker-desktop-STATE-potato.git",
            "svn_url": "https://github.com/0rg4n1z4t10n/docker-desktop-STATE-potato",
            "topics": []
          },
          "private": "bnVsbA=="
        }
      ]
    },
    {
      "mode": "managed",
      "type": "github_repository_deploy_key",
      "name": "cluster_state_argocd",
      "provider": "provider.github",
      "instances": [
        {
          "schema_version": 0,
          "attributes": {
            "etag": "W/\"b1ed166e40ea82de7540e092a6b8755d\"",
            "id": "docker-desktop-STATE-argocd:39458363",
            "key": "ssh-rsa AAAAB3NzaC1yc2EAAAADAQABAAACAQCe9WI4zXFCG5ysbJjptmm37F3vWXudBRR2QzqQ/hp3QosjOEVxlvQSj6RlnT70zFTIPbkvEUWZsE8Jv9Ovgkeuk6AzQXVNfgVxIcqhTrmPSmcOg2htYzDDpm+qfYAIEMgsbxoPKs4C96BnnV/NGV/PyEJyZXoOvgtW40i0mJgDFF4zkpGOXHjnmcyqCm9SdY5SRZQEOt3Osl6LE4A6cBejAy9yRd3L5ztMzMIpCUcZ6o0h15gsYUGzb6ZqgLUaTg7lRna2li0cDQMjVJDRCXuzzUJeOp14ju2rbPPeBsDWno3apNhf75CCynbhDgwAj8OMxIq3oXIVYDAcGSBrH165kOl452uFJ3eDSVumB1QazZzgcR+6AbfK93xlMX0DYa77qRMImc99y7QVqp4cbksWZtqvL9XTaV0q5yqxDGsu7f1K24fgki07BCdOsqLRtfKMxHT5XrNR006euZLDNdcrNUCwjiwVsGbQRDrWk4VzOvCYOXZHyWJ/SCeKH/BjcnMZTKWueNPj7MgpY4On3tobi8gkyFK7sau4s7601+FiETVdohmBHeQbOxdBX3stdsQ9chUERBAOtYE6b7/ESXLBkKBUwutEKSBCDu03DWPhKgRFTVluGP6GuOSMTJNxqw++L4EEOhMV9Q1Ya5yOb3O78fp7sauxFzS40ABZO6H5kw==",
            "read_only": true,
            "repository": "docker-desktop-STATE-argocd",
            "title": "ArgoCD"
          },
          "private": "bnVsbA==",
          "dependencies": [
            "github_repository.cluster_state_argocd"
          ]
        }
      ]
    },
    {
      "mode": "managed",
      "type": "github_repository_deploy_key",
      "name": "cluster_state_potato",
      "provider": "provider.github",
      "instances": [
        {
          "schema_version": 0,
          "attributes": {
            "etag": "W/\"e9c3605ea419b78b0c79a5becc876eb8\"",
            "id": "docker-desktop-STATE-potato:39458607",
            "key": "ssh-rsa AAAAB3NzaC1yc2EAAAADAQABAAACAQC2iwGrpVSQ3+hAcKJjmpIZgB3hkPV9j8A1J8uxgj1EROyWqhHJOanlul6t0TdERdbZjANoXF3Sw7v3h64rjkMcaXLm1jflIN3Vtx7ZOSsPdmqPdGUwXzKGAlYt/vNUTxKLLPPWZaoPtSClotgZASToCs70ztR7STYeRI91PGK6b3WSsc+FAEwE8mB+u9uDWB9RkBqa8NTBbfQXzS4f5NbzfgRvtmE9BSa1U21BVhPhBIrB2cN5HsZkEonhieascmTjKJrTpp8HNqxsg7MkuGAyoCNCluI9dSPwYqZbuihzIU46yJEo1cWdO13T11Qt9dLDAMvboZrrIjbHsuIq0ty72vXFZ8s5U1PvSq3jpE1JjPdUsCLqtBf56uYAwmak6dMMssfqHSRW2p4Bvn1A08lHy7gucNebfJ4InQ2BQmXyQQQQIG8OfWJJ6TVJEEI+bSsiJoA59a7R/v++NC9E3DW2UE0fHa1pLmeS2y3oKcXUAA8O6KCllzYo02xL2qhHBQDPJNkUUrBT1FwBaicDaVNF/961iDJdpnS5FVyRG4zs02lhJUTf4XCwouog31ZuJ1v2Nn4vVpuU2248F+y+6cwBxb3iLjsFGix/JYqunhh+zC4iN9kMvGnmHgRZosxXk+OkWCsP24hTJfJuIAnqY3BUc4okIPxQvDRIDs1Ygug4bw==",
            "read_only": true,
            "repository": "docker-desktop-STATE-potato",
            "title": "ArgoCD"
          },
          "private": "bnVsbA==",
          "dependencies": [
            "github_repository.cluster_state_potato"
          ]
        }
      ]
    }
  ]
}
