{
  "version": 4,
  "terraform_version": "0.12.17",
  "serial": 15,
  "lineage": "df7885a1-fda6-f570-133c-f7cda71bdf0d",
  "outputs": {
    "cluster_name": {
      "value": "docker-desktop",
      "type": "string"
    },
    "infra_repo": {
      "value": "git@github.com:0rg4n1z4t10n/docker-desktop-INFRA.git",
      "type": "string"
    },
    "state_potato_repo": {
      "value": "git@github.com:0rg4n1z4t10n/docker-desktop-STATE-potato.git",
      "type": "string"
    },
    "state_repo": {
      "value": "git@github.com:0rg4n1z4t10n/docker-desktop-STATE-argocd.git",
      "type": "string"
    }
  },
  "resources": [
    {
      "mode": "managed",
      "type": "github_repository",
      "name": "cluster_infra",
      "provider": "provider.github",
      "instances": [
        {
          "schema_version": 0,
          "attributes": {
            "allow_merge_commit": true,
            "allow_rebase_merge": true,
            "allow_squash_merge": true,
            "archived": false,
            "auto_init": null,
            "default_branch": "master",
            "description": "",
            "etag": "W/\"b0fd7f4f96ad40e88b0d4958905c7eaf\"",
            "full_name": "0rg4n1z4t10n/docker-desktop-INFRA",
            "git_clone_url": "git://github.com/0rg4n1z4t10n/docker-desktop-INFRA.git",
            "gitignore_template": null,
            "has_downloads": false,
            "has_issues": false,
            "has_projects": false,
            "has_wiki": false,
            "homepage_url": "",
            "html_url": "https://github.com/0rg4n1z4t10n/docker-desktop-INFRA",
            "http_clone_url": "https://github.com/0rg4n1z4t10n/docker-desktop-INFRA.git",
            "id": "docker-desktop-INFRA",
            "license_template": null,
            "name": "docker-desktop-INFRA",
            "private": false,
            "ssh_clone_url": "git@github.com:0rg4n1z4t10n/docker-desktop-INFRA.git",
            "svn_url": "https://github.com/0rg4n1z4t10n/docker-desktop-INFRA",
            "topics": []
          },
          "private": "bnVsbA=="
        }
      ]
    },
    {
      "mode": "managed",
      "type": "github_repository",
      "name": "cluster_state_argocd",
      "provider": "provider.github",
      "instances": [
        {
          "schema_version": 0,
          "attributes": {
            "allow_merge_commit": true,
            "allow_rebase_merge": true,
            "allow_squash_merge": true,
            "archived": false,
            "auto_init": null,
            "default_branch": "master",
            "description": "",
            "etag": "W/\"a300f78d3613cd1285addccbb425a571\"",
            "full_name": "0rg4n1z4t10n/docker-desktop-STATE-argocd",
            "git_clone_url": "git://github.com/0rg4n1z4t10n/docker-desktop-STATE-argocd.git",
            "gitignore_template": null,
            "has_downloads": false,
            "has_issues": false,
            "has_projects": false,
            "has_wiki": false,
            "homepage_url": "",
            "html_url": "https://github.com/0rg4n1z4t10n/docker-desktop-STATE-argocd",
            "http_clone_url": "https://github.com/0rg4n1z4t10n/docker-desktop-STATE-argocd.git",
            "id": "docker-desktop-STATE-argocd",
            "license_template": null,
            "name": "docker-desktop-STATE-argocd",
            "private": false,
            "ssh_clone_url": "git@github.com:0rg4n1z4t10n/docker-desktop-STATE-argocd.git",
            "svn_url": "https://github.com/0rg4n1z4t10n/docker-desktop-STATE-argocd",
            "topics": []
          },
          "private": "bnVsbA=="
        }
      ]
    },
    {
      "mode": "managed",
      "type": "github_repository",
      "name": "cluster_state_potato",
      "provider": "provider.github",
      "instances": [
        {
          "schema_version": 0,
          "attributes": {
            "allow_merge_commit": true,
            "allow_rebase_merge": true,
            "allow_squash_merge": true,
            "archived": false,
            "auto_init": null,
            "default_branch": "master",
            "description": "",
            "etag": "W/\"a6ee0b60064cf9e946c7c42be96f7988\"",
            "full_name": "0rg4n1z4t10n/docker-desktop-STATE-potato",
            "git_clone_url": "git://github.com/0rg4n1z4t10n/docker-desktop-STATE-potato.git",
            "gitignore_template": null,
            "has_downloads": false,
            "has_issues": false,
            "has_projects": false,
            "has_wiki": false,
            "homepage_url": "",
            "html_url": "https://github.com/0rg4n1z4t10n/docker-desktop-STATE-potato",
            "http_clone_url": "https://github.com/0rg4n1z4t10n/docker-desktop-STATE-potato.git",
            "id": "docker-desktop-STATE-potato",
            "license_template": null,
            "name": "docker-desktop-STATE-potato",
            "private": false,
            "ssh_clone_url": "git@github.com:0rg4n1z4t10n/docker-desktop-STATE-potato.git",
            "svn_url": "https://github.com/0rg4n1z4t10n/docker-desktop-STATE-potato",
            "topics": null
          },
          "private": "bnVsbA=="
        }
      ]
    },
    {
      "mode": "managed",
      "type": "github_repository_deploy_key",
      "name": "cluster_state_argocd",
      "provider": "provider.github",
      "instances": [
        {
          "schema_version": 0,
          "attributes": {
            "etag": "W/\"f6021115671cfdb9bccb0b6479ff2463\"",
            "id": "docker-desktop-STATE-argocd:39440417",
            "key": "ssh-rsa AAAAB3NzaC1yc2EAAAADAQABAAACAQCe9WI4zXFCG5ysbJjptmm37F3vWXudBRR2QzqQ/hp3QosjOEVxlvQSj6RlnT70zFTIPbkvEUWZsE8Jv9Ovgkeuk6AzQXVNfgVxIcqhTrmPSmcOg2htYzDDpm+qfYAIEMgsbxoPKs4C96BnnV/NGV/PyEJyZXoOvgtW40i0mJgDFF4zkpGOXHjnmcyqCm9SdY5SRZQEOt3Osl6LE4A6cBejAy9yRd3L5ztMzMIpCUcZ6o0h15gsYUGzb6ZqgLUaTg7lRna2li0cDQMjVJDRCXuzzUJeOp14ju2rbPPeBsDWno3apNhf75CCynbhDgwAj8OMxIq3oXIVYDAcGSBrH165kOl452uFJ3eDSVumB1QazZzgcR+6AbfK93xlMX0DYa77qRMImc99y7QVqp4cbksWZtqvL9XTaV0q5yqxDGsu7f1K24fgki07BCdOsqLRtfKMxHT5XrNR006euZLDNdcrNUCwjiwVsGbQRDrWk4VzOvCYOXZHyWJ/SCeKH/BjcnMZTKWueNPj7MgpY4On3tobi8gkyFK7sau4s7601+FiETVdohmBHeQbOxdBX3stdsQ9chUERBAOtYE6b7/ESXLBkKBUwutEKSBCDu03DWPhKgRFTVluGP6GuOSMTJNxqw++L4EEOhMV9Q1Ya5yOb3O78fp7sauxFzS40ABZO6H5kw==",
            "read_only": true,
            "repository": "docker-desktop-STATE-argocd",
            "title": "ArgoCD"
          },
          "private": "bnVsbA==",
          "dependencies": [
            "github_repository.cluster_state_argocd"
          ]
        }
      ]
    },
    {
      "mode": "managed",
      "type": "github_repository_deploy_key",
      "name": "cluster_state_potato",
      "provider": "provider.github",
      "instances": [
        {
          "schema_version": 0,
          "attributes": {
            "etag": "W/\"ee23134b0739d5e47d711f60292be286\"",
            "id": "docker-desktop-STATE-potato:39457690",
            "key": "ssh-rsa AAAAB3NzaC1yc2EAAAADAQABAAACAQC0rURe+w35CxWNCzNQHzrNpbcA6OH9qo5snzv4hFYJw3SQ4ij0/olUvFgWQDsNtMPcoFoc4/HDo4Qkk3sp+Tih0orTIYG/wsWqeOtGwyJjcc7iIUslyViWeyrpq3/o3wu3NMgCsWAIFWuWcGI1ythdmCXK1zprfV4Wwbb7zmkNEocTtBietr9x0hX81G2CcjG0Qqz0lvklhVejSoHFEvCnvbDAgYvp8Ed3VUT1hiWrk/IOfWETANjDecauJKnMvsxLXXSzIGzlnySJk58BJXrcZIT/GAQ9idNyTvahe8zh1v2NTQqhoRvQfYC+i2PX2UwxGfAURzwFrfkDJODmMRolrW1t3HxSfVKVGCHdGpAUkjTMo3OQjshjlDT/sVlyrpV/k65FTmcqkXyVIh3bIph305mccQXBcUkNdQeCO26VpQlCcle/9e3jRFuKKOa9eNl2kW9nvlCZQDE25S1k0G1egsL2w7+OMHWyHlBpnzBZkwlCO1PuQl+szrxnKY3uGtsu97XpG2rfAfsn+2Rfv61oZWZSSnc9wgO2Qo4+On045qY0/WIC75HHsXGakQN3zvNjr+zhezmlRBi4obcpERkNHmbiyVZN8cX/qdA9rfV/XoNMLe/VsyC0nX/Z4LAMFZ4lbwyDIM5DTPoUMUu11NUkvV8hwO6f4hr5S+J2Mj8WpQ==",
            "read_only": true,
            "repository": "docker-desktop-STATE-potato",
            "title": "ArgoCD"
          },
          "private": "bnVsbA==",
          "dependencies": [
            "github_repository.cluster_state_potato"
          ]
        }
      ]
    }
  ]
}
