{
  "version": 4,
  "terraform_version": "0.12.17",
  "serial": 12,
  "lineage": "df7885a1-fda6-f570-133c-f7cda71bdf0d",
  "outputs": {
    "cluster_name": {
      "value": "docker-desktop",
      "type": "string"
    },
    "infra_repo": {
      "value": "git@github.com:0rg4n1z4t10n/docker-desktop-INFRA.git",
      "type": "string"
    },
    "state_repo": {
      "value": "git@github.com:0rg4n1z4t10n/docker-desktop-STATE-argocd.git",
      "type": "string"
    }
  },
  "resources": [
    {
      "mode": "managed",
      "type": "github_repository",
      "name": "cluster_infra",
      "provider": "provider.github",
      "instances": [
        {
          "schema_version": 0,
          "attributes": {
            "allow_merge_commit": true,
            "allow_rebase_merge": true,
            "allow_squash_merge": true,
            "archived": false,
            "auto_init": null,
            "default_branch": "master",
            "description": "",
            "etag": "W/\"2b3397f5650a218cd3816a2b62cfa44a\"",
            "full_name": "0rg4n1z4t10n/docker-desktop-INFRA",
            "git_clone_url": "git://github.com/0rg4n1z4t10n/docker-desktop-INFRA.git",
            "gitignore_template": null,
            "has_downloads": false,
            "has_issues": false,
            "has_projects": false,
            "has_wiki": false,
            "homepage_url": "",
            "html_url": "https://github.com/0rg4n1z4t10n/docker-desktop-INFRA",
            "http_clone_url": "https://github.com/0rg4n1z4t10n/docker-desktop-INFRA.git",
            "id": "docker-desktop-INFRA",
            "license_template": null,
            "name": "docker-desktop-INFRA",
            "private": false,
            "ssh_clone_url": "git@github.com:0rg4n1z4t10n/docker-desktop-INFRA.git",
            "svn_url": "https://github.com/0rg4n1z4t10n/docker-desktop-INFRA",
            "topics": []
          },
          "private": "bnVsbA=="
        }
      ]
    },
    {
      "mode": "managed",
      "type": "github_repository",
      "name": "cluster_state_argocd",
      "provider": "provider.github",
      "instances": [
        {
          "schema_version": 0,
          "attributes": {
            "allow_merge_commit": true,
            "allow_rebase_merge": true,
            "allow_squash_merge": true,
            "archived": false,
            "auto_init": null,
            "default_branch": "master",
            "description": "",
            "etag": "W/\"19dc55f1bbea7bc474bc4a1a9acd2342\"",
            "full_name": "0rg4n1z4t10n/docker-desktop-STATE-argocd",
            "git_clone_url": "git://github.com/0rg4n1z4t10n/docker-desktop-STATE-argocd.git",
            "gitignore_template": null,
            "has_downloads": false,
            "has_issues": false,
            "has_projects": false,
            "has_wiki": false,
            "homepage_url": "",
            "html_url": "https://github.com/0rg4n1z4t10n/docker-desktop-STATE-argocd",
            "http_clone_url": "https://github.com/0rg4n1z4t10n/docker-desktop-STATE-argocd.git",
            "id": "docker-desktop-STATE-argocd",
            "license_template": null,
            "name": "docker-desktop-STATE-argocd",
            "private": false,
            "ssh_clone_url": "git@github.com:0rg4n1z4t10n/docker-desktop-STATE-argocd.git",
            "svn_url": "https://github.com/0rg4n1z4t10n/docker-desktop-STATE-argocd",
            "topics": []
          },
          "private": "bnVsbA=="
        }
      ]
    },
    {
      "mode": "managed",
      "type": "github_repository_deploy_key",
      "name": "cluster_state_argocd",
      "provider": "provider.github",
      "instances": [
        {
          "schema_version": 0,
          "attributes": {
            "etag": "W/\"f6021115671cfdb9bccb0b6479ff2463\"",
            "id": "docker-desktop-STATE-argocd:39440417",
            "key": "ssh-rsa AAAAB3NzaC1yc2EAAAADAQABAAACAQCe9WI4zXFCG5ysbJjptmm37F3vWXudBRR2QzqQ/hp3QosjOEVxlvQSj6RlnT70zFTIPbkvEUWZsE8Jv9Ovgkeuk6AzQXVNfgVxIcqhTrmPSmcOg2htYzDDpm+qfYAIEMgsbxoPKs4C96BnnV/NGV/PyEJyZXoOvgtW40i0mJgDFF4zkpGOXHjnmcyqCm9SdY5SRZQEOt3Osl6LE4A6cBejAy9yRd3L5ztMzMIpCUcZ6o0h15gsYUGzb6ZqgLUaTg7lRna2li0cDQMjVJDRCXuzzUJeOp14ju2rbPPeBsDWno3apNhf75CCynbhDgwAj8OMxIq3oXIVYDAcGSBrH165kOl452uFJ3eDSVumB1QazZzgcR+6AbfK93xlMX0DYa77qRMImc99y7QVqp4cbksWZtqvL9XTaV0q5yqxDGsu7f1K24fgki07BCdOsqLRtfKMxHT5XrNR006euZLDNdcrNUCwjiwVsGbQRDrWk4VzOvCYOXZHyWJ/SCeKH/BjcnMZTKWueNPj7MgpY4On3tobi8gkyFK7sau4s7601+FiETVdohmBHeQbOxdBX3stdsQ9chUERBAOtYE6b7/ESXLBkKBUwutEKSBCDu03DWPhKgRFTVluGP6GuOSMTJNxqw++L4EEOhMV9Q1Ya5yOb3O78fp7sauxFzS40ABZO6H5kw==",
            "read_only": true,
            "repository": "docker-desktop-STATE-argocd",
            "title": "ArgoCD"
          },
          "private": "bnVsbA==",
          "dependencies": [
            "github_repository.cluster_state_argocd"
          ]
        }
      ]
    }
  ]
}
