{
  "version": 4,
  "terraform_version": "0.12.17",
  "serial": 8,
  "lineage": "df7885a1-fda6-f570-133c-f7cda71bdf0d",
  "outputs": {
    "cluster_name": {
      "value": "docker-desktop",
      "type": "string"
    },
    "infra_repo": {
      "value": "git@github.com:0rg4n1z4t10n/docker-desktop-INFRA.git",
      "type": "string"
    },
    "state_potato_repo": {
      "value": "git@github.com:0rg4n1z4t10n/docker-desktop-STATE-potato.git",
      "type": "string"
    },
    "state_repo": {
      "value": "git@github.com:0rg4n1z4t10n/docker-desktop-STATE-argocd.git",
      "type": "string"
    }
  },
  "resources": [
    {
      "mode": "managed",
      "type": "github_repository",
      "name": "cluster_infra",
      "provider": "provider.github",
      "instances": [
        {
          "schema_version": 0,
          "attributes": {
            "allow_merge_commit": true,
            "allow_rebase_merge": true,
            "allow_squash_merge": true,
            "archived": false,
            "auto_init": null,
            "default_branch": "master",
            "description": "",
            "etag": "W/\"86d5b53843d68d6ed324510c9d72af0f\"",
            "full_name": "0rg4n1z4t10n/docker-desktop-INFRA",
            "git_clone_url": "git://github.com/0rg4n1z4t10n/docker-desktop-INFRA.git",
            "gitignore_template": null,
            "has_downloads": false,
            "has_issues": false,
            "has_projects": false,
            "has_wiki": false,
            "homepage_url": "",
            "html_url": "https://github.com/0rg4n1z4t10n/docker-desktop-INFRA",
            "http_clone_url": "https://github.com/0rg4n1z4t10n/docker-desktop-INFRA.git",
            "id": "docker-desktop-INFRA",
            "license_template": null,
            "name": "docker-desktop-INFRA",
            "private": false,
            "ssh_clone_url": "git@github.com:0rg4n1z4t10n/docker-desktop-INFRA.git",
            "svn_url": "https://github.com/0rg4n1z4t10n/docker-desktop-INFRA",
            "topics": []
          },
          "private": "bnVsbA=="
        }
      ]
    },
    {
      "mode": "managed",
      "type": "github_repository",
      "name": "cluster_state_argocd",
      "provider": "provider.github",
      "instances": [
        {
          "schema_version": 0,
          "attributes": {
            "allow_merge_commit": true,
            "allow_rebase_merge": true,
            "allow_squash_merge": true,
            "archived": false,
            "auto_init": null,
            "default_branch": "master",
            "description": "",
            "etag": "W/\"4763149af9220c93877576b485838026\"",
            "full_name": "0rg4n1z4t10n/docker-desktop-STATE-argocd",
            "git_clone_url": "git://github.com/0rg4n1z4t10n/docker-desktop-STATE-argocd.git",
            "gitignore_template": null,
            "has_downloads": false,
            "has_issues": false,
            "has_projects": false,
            "has_wiki": false,
            "homepage_url": "",
            "html_url": "https://github.com/0rg4n1z4t10n/docker-desktop-STATE-argocd",
            "http_clone_url": "https://github.com/0rg4n1z4t10n/docker-desktop-STATE-argocd.git",
            "id": "docker-desktop-STATE-argocd",
            "license_template": null,
            "name": "docker-desktop-STATE-argocd",
            "private": false,
            "ssh_clone_url": "git@github.com:0rg4n1z4t10n/docker-desktop-STATE-argocd.git",
            "svn_url": "https://github.com/0rg4n1z4t10n/docker-desktop-STATE-argocd",
            "topics": []
          },
          "private": "bnVsbA=="
        }
      ]
    },
    {
      "mode": "managed",
      "type": "github_repository",
      "name": "cluster_state_potato",
      "provider": "provider.github",
      "instances": [
        {
          "schema_version": 0,
          "attributes": {
            "allow_merge_commit": true,
            "allow_rebase_merge": true,
            "allow_squash_merge": true,
            "archived": false,
            "auto_init": null,
            "default_branch": "master",
            "description": "",
            "etag": "W/\"9da5b38c2314cbc84c02051f870872f6\"",
            "full_name": "0rg4n1z4t10n/docker-desktop-STATE-potato",
            "git_clone_url": "git://github.com/0rg4n1z4t10n/docker-desktop-STATE-potato.git",
            "gitignore_template": null,
            "has_downloads": false,
            "has_issues": false,
            "has_projects": false,
            "has_wiki": false,
            "homepage_url": "",
            "html_url": "https://github.com/0rg4n1z4t10n/docker-desktop-STATE-potato",
            "http_clone_url": "https://github.com/0rg4n1z4t10n/docker-desktop-STATE-potato.git",
            "id": "docker-desktop-STATE-potato",
            "license_template": null,
            "name": "docker-desktop-STATE-potato",
            "private": false,
            "ssh_clone_url": "git@github.com:0rg4n1z4t10n/docker-desktop-STATE-potato.git",
            "svn_url": "https://github.com/0rg4n1z4t10n/docker-desktop-STATE-potato",
            "topics": null
          },
          "private": "bnVsbA=="
        }
      ]
    },
    {
      "mode": "managed",
      "type": "github_repository_deploy_key",
      "name": "cluster_state_argocd",
      "provider": "provider.github",
      "instances": [
        {
          "schema_version": 0,
          "attributes": {
            "etag": "W/\"f6021115671cfdb9bccb0b6479ff2463\"",
            "id": "docker-desktop-STATE-argocd:39440417",
            "key": "ssh-rsa AAAAB3NzaC1yc2EAAAADAQABAAACAQCe9WI4zXFCG5ysbJjptmm37F3vWXudBRR2QzqQ/hp3QosjOEVxlvQSj6RlnT70zFTIPbkvEUWZsE8Jv9Ovgkeuk6AzQXVNfgVxIcqhTrmPSmcOg2htYzDDpm+qfYAIEMgsbxoPKs4C96BnnV/NGV/PyEJyZXoOvgtW40i0mJgDFF4zkpGOXHjnmcyqCm9SdY5SRZQEOt3Osl6LE4A6cBejAy9yRd3L5ztMzMIpCUcZ6o0h15gsYUGzb6ZqgLUaTg7lRna2li0cDQMjVJDRCXuzzUJeOp14ju2rbPPeBsDWno3apNhf75CCynbhDgwAj8OMxIq3oXIVYDAcGSBrH165kOl452uFJ3eDSVumB1QazZzgcR+6AbfK93xlMX0DYa77qRMImc99y7QVqp4cbksWZtqvL9XTaV0q5yqxDGsu7f1K24fgki07BCdOsqLRtfKMxHT5XrNR006euZLDNdcrNUCwjiwVsGbQRDrWk4VzOvCYOXZHyWJ/SCeKH/BjcnMZTKWueNPj7MgpY4On3tobi8gkyFK7sau4s7601+FiETVdohmBHeQbOxdBX3stdsQ9chUERBAOtYE6b7/ESXLBkKBUwutEKSBCDu03DWPhKgRFTVluGP6GuOSMTJNxqw++L4EEOhMV9Q1Ya5yOb3O78fp7sauxFzS40ABZO6H5kw==",
            "read_only": true,
            "repository": "docker-desktop-STATE-argocd",
            "title": "ArgoCD"
          },
          "private": "bnVsbA==",
          "dependencies": [
            "github_repository.cluster_state_argocd"
          ]
        }
      ]
    },
    {
      "mode": "managed",
      "type": "github_repository_deploy_key",
      "name": "cluster_state_potato",
      "provider": "provider.github",
      "instances": [
        {
          "schema_version": 0,
          "attributes": {
            "etag": "W/\"e469bd61e60469b56df9dafbf6f1f7a9\"",
            "id": "docker-desktop-STATE-potato:39456920",
            "key": "ssh-rsa AAAAB3NzaC1yc2EAAAADAQABAAACAQCc1tzRsaUt1b0wMtkpGAo2UpAfSe5NXLyhmV4qE02j6nDqbx6pbfpH1ckUBFtbbUAbjmEF/A1Ozb2p2NwLi/ZAJr7KUucRBBgMIeVkcKlaYS1PV6fwGiscL+It27CsAhGdFDUw6DzjPTTOzkGFnR+APCNbALYr0swCKDPbAsjMiUtW75DIc6v7rMP6ig7EruEEvQTK79MoqzuNK04tSQDp7wdigkMFQ9e3sce29pSEbk9aL7mD7X9NIfBHllkM62Ak5Bg4Aa9art7GGi+l8B9DLS3ihLzCD/aAnYD62ET4fHyKOHYz3xO+nNUNNNuAibk0p20mQxzlTMbd1Ul3LHRLHGF8yosagUs8XxlYabm5vw+qxepJrfeG6X26xw9WMFKUUyhHAZWax1DorIG+R4LK9VMAwMKHdCTG3FVOl40QzQzKibt4OINcLpAleWjqFMB2c2OaMgnkTEneK9+Vcf08IVpsD83ktswJ5tQXFIsawhMmRFwZj9W+zOZDMkg40VEsE90sRRpy8R8zpAB0Sfw0u+uuv8Pwh0DbW5BUKfZDXFNAP2DGtkaJaow786CvESYeNIzI+7pRRBv9bVYLxKSjYbmhp1K3mkQ0Kjq2NeOk950VCav89uwIOfofQrxLo6Xdv8/aSW3DgwTBTmvFlcdgsTvJENVzLVwdtUWhZXWHZQ==",
            "read_only": true,
            "repository": "docker-desktop-STATE-potato",
            "title": "ArgoCD"
          },
          "private": "bnVsbA==",
          "dependencies": [
            "github_repository.cluster_state_potato"
          ]
        }
      ]
    }
  ]
}
