{
  "version": 4,
  "terraform_version": "0.12.17",
  "serial": 23,
  "lineage": "df7885a1-fda6-f570-133c-f7cda71bdf0d",
  "outputs": {
    "cluster_name": {
      "value": "docker-desktop",
      "type": "string"
    },
    "infra_repo": {
      "value": "git@github.com:0rg4n1z4t10n/docker-desktop-INFRA.git",
      "type": "string"
    },
    "state_potato_repo": {
      "value": "git@github.com:0rg4n1z4t10n/docker-desktop-STATE-potato.git",
      "type": "string"
    },
    "state_repo": {
      "value": "git@github.com:0rg4n1z4t10n/docker-desktop-STATE-argocd.git",
      "type": "string"
    }
  },
  "resources": [
    {
      "mode": "managed",
      "type": "github_repository",
      "name": "cluster_infra",
      "provider": "provider.github",
      "instances": [
        {
          "schema_version": 0,
          "attributes": {
            "allow_merge_commit": true,
            "allow_rebase_merge": true,
            "allow_squash_merge": true,
            "archived": false,
            "auto_init": null,
            "default_branch": "master",
            "description": "",
            "etag": "W/\"4ccb9fe102ddeaa56165a82c14ac1edd\"",
            "full_name": "0rg4n1z4t10n/docker-desktop-INFRA",
            "git_clone_url": "git://github.com/0rg4n1z4t10n/docker-desktop-INFRA.git",
            "gitignore_template": null,
            "has_downloads": false,
            "has_issues": false,
            "has_projects": false,
            "has_wiki": false,
            "homepage_url": "",
            "html_url": "https://github.com/0rg4n1z4t10n/docker-desktop-INFRA",
            "http_clone_url": "https://github.com/0rg4n1z4t10n/docker-desktop-INFRA.git",
            "id": "docker-desktop-INFRA",
            "license_template": null,
            "name": "docker-desktop-INFRA",
            "private": false,
            "ssh_clone_url": "git@github.com:0rg4n1z4t10n/docker-desktop-INFRA.git",
            "svn_url": "https://github.com/0rg4n1z4t10n/docker-desktop-INFRA",
            "topics": []
          },
          "private": "bnVsbA=="
        }
      ]
    },
    {
      "mode": "managed",
      "type": "github_repository",
      "name": "cluster_state_argocd",
      "provider": "provider.github",
      "instances": [
        {
          "schema_version": 0,
          "attributes": {
            "allow_merge_commit": true,
            "allow_rebase_merge": true,
            "allow_squash_merge": true,
            "archived": false,
            "auto_init": null,
            "default_branch": "master",
            "description": "",
            "etag": "W/\"aa238aec21d82980d2c166f081c5c8da\"",
            "full_name": "0rg4n1z4t10n/docker-desktop-STATE-argocd",
            "git_clone_url": "git://github.com/0rg4n1z4t10n/docker-desktop-STATE-argocd.git",
            "gitignore_template": null,
            "has_downloads": false,
            "has_issues": false,
            "has_projects": false,
            "has_wiki": false,
            "homepage_url": "",
            "html_url": "https://github.com/0rg4n1z4t10n/docker-desktop-STATE-argocd",
            "http_clone_url": "https://github.com/0rg4n1z4t10n/docker-desktop-STATE-argocd.git",
            "id": "docker-desktop-STATE-argocd",
            "license_template": null,
            "name": "docker-desktop-STATE-argocd",
            "private": false,
            "ssh_clone_url": "git@github.com:0rg4n1z4t10n/docker-desktop-STATE-argocd.git",
            "svn_url": "https://github.com/0rg4n1z4t10n/docker-desktop-STATE-argocd",
            "topics": []
          },
          "private": "bnVsbA=="
        }
      ]
    },
    {
      "mode": "managed",
      "type": "github_repository",
      "name": "cluster_state_potato",
      "provider": "provider.github",
      "instances": [
        {
          "schema_version": 0,
          "attributes": {
            "allow_merge_commit": true,
            "allow_rebase_merge": true,
            "allow_squash_merge": true,
            "archived": false,
            "auto_init": null,
            "default_branch": "master",
            "description": "",
            "etag": "W/\"90406e53652f2b66d329376af0d1c95c\"",
            "full_name": "0rg4n1z4t10n/docker-desktop-STATE-potato",
            "git_clone_url": "git://github.com/0rg4n1z4t10n/docker-desktop-STATE-potato.git",
            "gitignore_template": null,
            "has_downloads": false,
            "has_issues": false,
            "has_projects": false,
            "has_wiki": false,
            "homepage_url": "",
            "html_url": "https://github.com/0rg4n1z4t10n/docker-desktop-STATE-potato",
            "http_clone_url": "https://github.com/0rg4n1z4t10n/docker-desktop-STATE-potato.git",
            "id": "docker-desktop-STATE-potato",
            "license_template": null,
            "name": "docker-desktop-STATE-potato",
            "private": false,
            "ssh_clone_url": "git@github.com:0rg4n1z4t10n/docker-desktop-STATE-potato.git",
            "svn_url": "https://github.com/0rg4n1z4t10n/docker-desktop-STATE-potato",
            "topics": null
          },
          "private": "bnVsbA=="
        }
      ]
    },
    {
      "mode": "managed",
      "type": "github_repository_deploy_key",
      "name": "cluster_state_argocd",
      "provider": "provider.github",
      "instances": [
        {
          "schema_version": 0,
          "attributes": {
            "etag": "W/\"41c6f063fabaecf04a857b21fff05465\"",
            "id": "docker-desktop-STATE-argocd:39458213",
            "key": "ssh-rsa AAAAB3NzaC1yc2EAAAADAQABAAACAQCe9WI4zXFCG5ysbJjptmm37F3vWXudBRR2QzqQ/hp3QosjOEVxlvQSj6RlnT70zFTIPbkvEUWZsE8Jv9Ovgkeuk6AzQXVNfgVxIcqhTrmPSmcOg2htYzDDpm+qfYAIEMgsbxoPKs4C96BnnV/NGV/PyEJyZXoOvgtW40i0mJgDFF4zkpGOXHjnmcyqCm9SdY5SRZQEOt3Osl6LE4A6cBejAy9yRd3L5ztMzMIpCUcZ6o0h15gsYUGzb6ZqgLUaTg7lRna2li0cDQMjVJDRCXuzzUJeOp14ju2rbPPeBsDWno3apNhf75CCynbhDgwAj8OMxIq3oXIVYDAcGSBrH165kOl452uFJ3eDSVumB1QazZzgcR+6AbfK93xlMX0DYa77qRMImc99y7QVqp4cbksWZtqvL9XTaV0q5yqxDGsu7f1K24fgki07BCdOsqLRtfKMxHT5XrNR006euZLDNdcrNUCwjiwVsGbQRDrWk4VzOvCYOXZHyWJ/SCeKH/BjcnMZTKWueNPj7MgpY4On3tobi8gkyFK7sau4s7601+FiETVdohmBHeQbOxdBX3stdsQ9chUERBAOtYE6b7/ESXLBkKBUwutEKSBCDu03DWPhKgRFTVluGP6GuOSMTJNxqw++L4EEOhMV9Q1Ya5yOb3O78fp7sauxFzS40ABZO6H5kw==",
            "read_only": true,
            "repository": "docker-desktop-STATE-argocd",
            "title": "ArgoCD"
          },
          "private": "bnVsbA==",
          "dependencies": [
            "github_repository.cluster_state_argocd"
          ]
        }
      ]
    },
    {
      "mode": "managed",
      "type": "github_repository_deploy_key",
      "name": "cluster_state_potato",
      "provider": "provider.github",
      "instances": [
        {
          "schema_version": 0,
          "attributes": {
            "etag": "W/\"cd6ac014b264809090033246f1246966\"",
            "id": "docker-desktop-STATE-potato:39458224",
            "key": "ssh-rsa AAAAB3NzaC1yc2EAAAADAQABAAACAQCq8Wsu7Uklz5FxHMwi929Ax2f3CI3gvySqvrCdRndxOlmRUcJqmKHv+kh3jXzNDE3BJOMe093PasBqr9nHnwL6QFLq7H3RvQjIFoTsM8ZmwQ563cMuE1t4mgO71D646YKqSDaEhe1rdMd/fQ2XtZPFLcURXtqBVMU3jVP6o4CK/zUDl8GAi4PurSDVbgifQ/uqJbXG5c9t/KVNOo2tjThahDAExyJemOxaylSIZvXrmCeDi6wCWo+NUAHLTB2ZuLqSNFDU80N2SDt6taJgOaDZOYoTN6BD4Xrgbz5HRK/3OujvHDg6Nx49vJWx9GrGqRsLmkFXqb2Ita8tgpa5KjShYeAJQeOn4mzz51shytXO2dcAuGLN+jYNAqMa45nhU5vP+FhFCYqMLMpMKLQLsrzEXENWLMo/8HN7Amkl9nDcXY3NW3WDeiOhlFP8ZKZmPzzZvNy+c0B0PCKr5snXqyik3qqNEe7zXGjZdhexcxGOtZi5+A7ztS1ltzfFfgP6o8DBOMn0+jLB0Nhu4kbfDQhrKt9pRF64WMX5E8EI77et/QGVAqt2uCIFLnNLpQyb60l1k2jyQfsZjZ6g62ONz9ntGoDRQ5t1u90Iw0aAUIYnxoapXZdZzSBHUpib+sXTkLiJgArTHYsMz5YiYSB2aLrpHDYs4yPIGw5DPFfPztZAGw==",
            "read_only": true,
            "repository": "docker-desktop-STATE-potato",
            "title": "ArgoCD"
          },
          "private": "bnVsbA==",
          "dependencies": [
            "github_repository.cluster_state_potato"
          ]
        }
      ]
    }
  ]
}
